// !$*UTF8*$!
{
	archiveVersion = 1;
	classes = {
	};
	objectVersion = 56;
	objects = {

/* Begin PBXBuildFile section */
		02432C11295990960035AEDD /* Motion.swift in Sources */ = {isa = PBXBuildFile; fileRef = 02432C10295990960035AEDD /* Motion.swift */; };
		02432C132959909C0035AEDD /* CoreMotionManager.swift in Sources */ = {isa = PBXBuildFile; fileRef = 02432C122959909C0035AEDD /* CoreMotionManager.swift */; };
		02432C172959937D0035AEDD /* CoreDataStorage.swift in Sources */ = {isa = PBXBuildFile; fileRef = 02432C162959937D0035AEDD /* CoreDataStorage.swift */; };
		02432C1A2959938E0035AEDD /* CoreDataStorage.xcdatamodeld in Sources */ = {isa = PBXBuildFile; fileRef = 02432C182959938E0035AEDD /* CoreDataStorage.xcdatamodeld */; };
		02432C1F295994930035AEDD /* MotionEntity+Mapping.swift in Sources */ = {isa = PBXBuildFile; fileRef = 02432C1E295994930035AEDD /* MotionEntity+Mapping.swift */; };
		02432C222959A38C0035AEDD /* CoreDataMotionStorage.swift in Sources */ = {isa = PBXBuildFile; fileRef = 02432C212959A38C0035AEDD /* CoreDataMotionStorage.swift */; };
		02432C262959A8420035AEDD /* MotionStorage.swift in Sources */ = {isa = PBXBuildFile; fileRef = 02432C252959A8420035AEDD /* MotionStorage.swift */; };
		02432C282959CAFB0035AEDD /* MotionFileManager.swift in Sources */ = {isa = PBXBuildFile; fileRef = 02432C272959CAFB0035AEDD /* MotionFileManager.swift */; };
		0247ED2F295A6F5400212A78 /* MotionList.swift in Sources */ = {isa = PBXBuildFile; fileRef = 0247ED2E295A6F5400212A78 /* MotionList.swift */; };
		0247ED56295A8C3000212A78 /* AppCoordinator.swift in Sources */ = {isa = PBXBuildFile; fileRef = 0247ED55295A8C3000212A78 /* AppCoordinator.swift */; };
		0247ED58295A8C5000212A78 /* Coordinator.swift in Sources */ = {isa = PBXBuildFile; fileRef = 0247ED57295A8C5000212A78 /* Coordinator.swift */; };
		0247ED5A295A8CBE00212A78 /* MotionListCoordinator.swift in Sources */ = {isa = PBXBuildFile; fileRef = 0247ED59295A8CBE00212A78 /* MotionListCoordinator.swift */; };
		0247ED5C295A8D1200212A78 /* MotionListViewController.swift in Sources */ = {isa = PBXBuildFile; fileRef = 0247ED5B295A8D1200212A78 /* MotionListViewController.swift */; };
		0247ED5E295A8D3300212A78 /* MotionListViewModel.swift in Sources */ = {isa = PBXBuildFile; fileRef = 0247ED5D295A8D3300212A78 /* MotionListViewModel.swift */; };
		0247ED60295A8D8C00212A78 /* MotionListCoordinatorInterface.swift in Sources */ = {isa = PBXBuildFile; fileRef = 0247ED5F295A8D8C00212A78 /* MotionListCoordinatorInterface.swift */; };
		0247ED65295A923500212A78 /* UIView+extension.swift in Sources */ = {isa = PBXBuildFile; fileRef = 0247ED64295A923500212A78 /* UIView+extension.swift */; };
		0247ED68295A927900212A78 /* UIStackView+extension.swift in Sources */ = {isa = PBXBuildFile; fileRef = 0247ED67295A927900212A78 /* UIStackView+extension.swift */; };
		0247ED6A295A929300212A78 /* NSObject+extension.swift in Sources */ = {isa = PBXBuildFile; fileRef = 0247ED69295A929300212A78 /* NSObject+extension.swift */; };
		0247ED6C295A92AB00212A78 /* UITableView+extension.swift in Sources */ = {isa = PBXBuildFile; fileRef = 0247ED6B295A92AB00212A78 /* UITableView+extension.swift */; };
		0247ED72295A949D00212A78 /* MotionDataCell.swift in Sources */ = {isa = PBXBuildFile; fileRef = 0247ED71295A949D00212A78 /* MotionDataCell.swift */; };
		0247ED74295A963D00212A78 /* UIFont+extension.swift in Sources */ = {isa = PBXBuildFile; fileRef = 0247ED73295A963D00212A78 /* UIFont+extension.swift */; };
		0247ED76295AB07100212A78 /* MotionMeasureCoordinator.swift in Sources */ = {isa = PBXBuildFile; fileRef = 0247ED75295AB07100212A78 /* MotionMeasureCoordinator.swift */; };
		0247ED7B295AB72600212A78 /* Observable.swift in Sources */ = {isa = PBXBuildFile; fileRef = 0247ED7A295AB72600212A78 /* Observable.swift */; };
		0247ED7D295ABA9700212A78 /* Collection+extension.swift in Sources */ = {isa = PBXBuildFile; fileRef = 0247ED7C295ABA9700212A78 /* Collection+extension.swift */; };
		0247ED7F295ABFDC00212A78 /* Date+extension.swift in Sources */ = {isa = PBXBuildFile; fileRef = 0247ED7E295ABFDC00212A78 /* Date+extension.swift */; };
		63F01BB528D44FC400C53A39 /* AppDelegate.swift in Sources */ = {isa = PBXBuildFile; fileRef = 63F01BB428D44FC400C53A39 /* AppDelegate.swift */; };
		63F01BB728D44FC400C53A39 /* SceneDelegate.swift in Sources */ = {isa = PBXBuildFile; fileRef = 63F01BB628D44FC400C53A39 /* SceneDelegate.swift */; };
		63F01BBE28D44FC500C53A39 /* Assets.xcassets in Resources */ = {isa = PBXBuildFile; fileRef = 63F01BBD28D44FC500C53A39 /* Assets.xcassets */; };
		63F01BC128D44FC500C53A39 /* LaunchScreen.storyboard in Resources */ = {isa = PBXBuildFile; fileRef = 63F01BBF28D44FC500C53A39 /* LaunchScreen.storyboard */; };
/* End PBXBuildFile section */

/* Begin PBXFileReference section */
		02432C10295990960035AEDD /* Motion.swift */ = {isa = PBXFileReference; lastKnownFileType = sourcecode.swift; path = Motion.swift; sourceTree = "<group>"; };
		02432C122959909C0035AEDD /* CoreMotionManager.swift */ = {isa = PBXFileReference; lastKnownFileType = sourcecode.swift; path = CoreMotionManager.swift; sourceTree = "<group>"; };
		02432C162959937D0035AEDD /* CoreDataStorage.swift */ = {isa = PBXFileReference; lastKnownFileType = sourcecode.swift; path = CoreDataStorage.swift; sourceTree = "<group>"; };
		02432C192959938E0035AEDD /* MotionEntity.xcdatamodel */ = {isa = PBXFileReference; lastKnownFileType = wrapper.xcdatamodel; path = MotionEntity.xcdatamodel; sourceTree = "<group>"; };
		02432C1E295994930035AEDD /* MotionEntity+Mapping.swift */ = {isa = PBXFileReference; lastKnownFileType = sourcecode.swift; path = "MotionEntity+Mapping.swift"; sourceTree = "<group>"; };
		02432C212959A38C0035AEDD /* CoreDataMotionStorage.swift */ = {isa = PBXFileReference; lastKnownFileType = sourcecode.swift; path = CoreDataMotionStorage.swift; sourceTree = "<group>"; };
		02432C252959A8420035AEDD /* MotionStorage.swift */ = {isa = PBXFileReference; lastKnownFileType = sourcecode.swift; path = MotionStorage.swift; sourceTree = "<group>"; };
		02432C272959CAFB0035AEDD /* MotionFileManager.swift */ = {isa = PBXFileReference; lastKnownFileType = sourcecode.swift; path = MotionFileManager.swift; sourceTree = "<group>"; };
		0247ED2E295A6F5400212A78 /* MotionList.swift */ = {isa = PBXFileReference; lastKnownFileType = sourcecode.swift; path = MotionList.swift; sourceTree = "<group>"; };
		0247ED55295A8C3000212A78 /* AppCoordinator.swift */ = {isa = PBXFileReference; lastKnownFileType = sourcecode.swift; path = AppCoordinator.swift; sourceTree = "<group>"; };
		0247ED57295A8C5000212A78 /* Coordinator.swift */ = {isa = PBXFileReference; lastKnownFileType = sourcecode.swift; path = Coordinator.swift; sourceTree = "<group>"; };
		0247ED59295A8CBE00212A78 /* MotionListCoordinator.swift */ = {isa = PBXFileReference; lastKnownFileType = sourcecode.swift; path = MotionListCoordinator.swift; sourceTree = "<group>"; };
		0247ED5B295A8D1200212A78 /* MotionListViewController.swift */ = {isa = PBXFileReference; lastKnownFileType = sourcecode.swift; path = MotionListViewController.swift; sourceTree = "<group>"; };
		0247ED5D295A8D3300212A78 /* MotionListViewModel.swift */ = {isa = PBXFileReference; lastKnownFileType = sourcecode.swift; path = MotionListViewModel.swift; sourceTree = "<group>"; };
		0247ED5F295A8D8C00212A78 /* MotionListCoordinatorInterface.swift */ = {isa = PBXFileReference; lastKnownFileType = sourcecode.swift; path = MotionListCoordinatorInterface.swift; sourceTree = "<group>"; };
		0247ED64295A923500212A78 /* UIView+extension.swift */ = {isa = PBXFileReference; lastKnownFileType = sourcecode.swift; path = "UIView+extension.swift"; sourceTree = "<group>"; };
		0247ED67295A927900212A78 /* UIStackView+extension.swift */ = {isa = PBXFileReference; lastKnownFileType = sourcecode.swift; path = "UIStackView+extension.swift"; sourceTree = "<group>"; };
		0247ED69295A929300212A78 /* NSObject+extension.swift */ = {isa = PBXFileReference; lastKnownFileType = sourcecode.swift; path = "NSObject+extension.swift"; sourceTree = "<group>"; };
		0247ED6B295A92AB00212A78 /* UITableView+extension.swift */ = {isa = PBXFileReference; lastKnownFileType = sourcecode.swift; path = "UITableView+extension.swift"; sourceTree = "<group>"; };
		0247ED71295A949D00212A78 /* MotionDataCell.swift */ = {isa = PBXFileReference; lastKnownFileType = sourcecode.swift; path = MotionDataCell.swift; sourceTree = "<group>"; };
		0247ED73295A963D00212A78 /* UIFont+extension.swift */ = {isa = PBXFileReference; lastKnownFileType = sourcecode.swift; path = "UIFont+extension.swift"; sourceTree = "<group>"; };
		0247ED75295AB07100212A78 /* MotionMeasureCoordinator.swift */ = {isa = PBXFileReference; lastKnownFileType = sourcecode.swift; path = MotionMeasureCoordinator.swift; sourceTree = "<group>"; };
		0247ED7A295AB72600212A78 /* Observable.swift */ = {isa = PBXFileReference; lastKnownFileType = sourcecode.swift; path = Observable.swift; sourceTree = "<group>"; };
		0247ED7C295ABA9700212A78 /* Collection+extension.swift */ = {isa = PBXFileReference; lastKnownFileType = sourcecode.swift; path = "Collection+extension.swift"; sourceTree = "<group>"; };
		0247ED7E295ABFDC00212A78 /* Date+extension.swift */ = {isa = PBXFileReference; lastKnownFileType = sourcecode.swift; path = "Date+extension.swift"; sourceTree = "<group>"; };
		63F01BB128D44FC400C53A39 /* GyroData.app */ = {isa = PBXFileReference; explicitFileType = wrapper.application; includeInIndex = 0; path = GyroData.app; sourceTree = BUILT_PRODUCTS_DIR; };
		63F01BB428D44FC400C53A39 /* AppDelegate.swift */ = {isa = PBXFileReference; lastKnownFileType = sourcecode.swift; path = AppDelegate.swift; sourceTree = "<group>"; };
		63F01BB628D44FC400C53A39 /* SceneDelegate.swift */ = {isa = PBXFileReference; lastKnownFileType = sourcecode.swift; path = SceneDelegate.swift; sourceTree = "<group>"; };
		63F01BBD28D44FC500C53A39 /* Assets.xcassets */ = {isa = PBXFileReference; lastKnownFileType = folder.assetcatalog; path = Assets.xcassets; sourceTree = "<group>"; };
		63F01BC028D44FC500C53A39 /* Base */ = {isa = PBXFileReference; lastKnownFileType = file.storyboard; name = Base; path = Base.lproj/LaunchScreen.storyboard; sourceTree = "<group>"; };
		63F01BC228D44FC500C53A39 /* Info.plist */ = {isa = PBXFileReference; lastKnownFileType = text.plist.xml; path = Info.plist; sourceTree = "<group>"; };
/* End PBXFileReference section */

/* Begin PBXFrameworksBuildPhase section */
		63F01BAE28D44FC400C53A39 /* Frameworks */ = {
			isa = PBXFrameworksBuildPhase;
			buildActionMask = 2147483647;
			files = (
			);
			runOnlyForDeploymentPostprocessing = 0;
		};
/* End PBXFrameworksBuildPhase section */

/* Begin PBXGroup section */
		02432BFD29598DDF0035AEDD /* Sources */ = {
			isa = PBXGroup;
			children = (
				02432BFE29598DE40035AEDD /* App */,
				0247ED66295A924100212A78 /* Extension */,
				02432C142959910B0035AEDD /* Model */,
				0247ED51295A8C0B00212A78 /* Presentation */,
				02432C152959910F0035AEDD /* Utility */,
			);
			path = Sources;
			sourceTree = "<group>";
		};
		02432BFE29598DE40035AEDD /* App */ = {
			isa = PBXGroup;
			children = (
				63F01BB428D44FC400C53A39 /* AppDelegate.swift */,
				63F01BB628D44FC400C53A39 /* SceneDelegate.swift */,
			);
			path = App;
			sourceTree = "<group>";
		};
		02432C142959910B0035AEDD /* Model */ = {
			isa = PBXGroup;
			children = (
				02432C10295990960035AEDD /* Motion.swift */,
				0247ED2E295A6F5400212A78 /* MotionList.swift */,
			);
			path = Model;
			sourceTree = "<group>";
		};
		02432C152959910F0035AEDD /* Utility */ = {
			isa = PBXGroup;
			children = (
				02432C202959A36A0035AEDD /* CoreDataStorage */,
				02432C122959909C0035AEDD /* CoreMotionManager.swift */,
				02432C272959CAFB0035AEDD /* MotionFileManager.swift */,
				0247ED7A295AB72600212A78 /* Observable.swift */,
			);
			path = Utility;
			sourceTree = "<group>";
		};
		02432C202959A36A0035AEDD /* CoreDataStorage */ = {
			isa = PBXGroup;
			children = (
				02432C242959A8210035AEDD /* MotionStorage */,
				02432C182959938E0035AEDD /* CoreDataStorage.xcdatamodeld */,
				02432C162959937D0035AEDD /* CoreDataStorage.swift */,
			);
			path = CoreDataStorage;
			sourceTree = "<group>";
		};
		02432C232959A7FE0035AEDD /* EntityMapping */ = {
			isa = PBXGroup;
			children = (
				02432C1E295994930035AEDD /* MotionEntity+Mapping.swift */,
			);
			path = EntityMapping;
			sourceTree = "<group>";
		};
		02432C242959A8210035AEDD /* MotionStorage */ = {
			isa = PBXGroup;
			children = (
				02432C232959A7FE0035AEDD /* EntityMapping */,
				02432C212959A38C0035AEDD /* CoreDataMotionStorage.swift */,
				02432C252959A8420035AEDD /* MotionStorage.swift */,
			);
			path = MotionStorage;
			sourceTree = "<group>";
		};
		0247ED50295A8B9B00212A78 /* Resources */ = {
			isa = PBXGroup;
			children = (
				63F01BBD28D44FC500C53A39 /* Assets.xcassets */,
				63F01BBF28D44FC500C53A39 /* LaunchScreen.storyboard */,
			);
			path = Resources;
			sourceTree = "<group>";
		};
		0247ED51295A8C0B00212A78 /* Presentation */ = {
			isa = PBXGroup;
			children = (
				0247ED63295A8EEA00212A78 /* Coordinators */,
				0247ED52295A8C0F00212A78 /* MotionList */,
				0247ED77295AB50E00212A78 /* MotionMeasure */,
			);
			path = Presentation;
			sourceTree = "<group>";
		};
		0247ED52295A8C0F00212A78 /* MotionList */ = {
			isa = PBXGroup;
			children = (
				0247ED78295AB52900212A78 /* Coordinator */,
				0247ED61295A8DFB00212A78 /* ViewControllers */,
				0247ED62295A8E0600212A78 /* ViewModels */,
				0247ED70295A948800212A78 /* Views */,
			);
			path = MotionList;
			sourceTree = "<group>";
		};
		0247ED61295A8DFB00212A78 /* ViewControllers */ = {
			isa = PBXGroup;
			children = (
				0247ED5B295A8D1200212A78 /* MotionListViewController.swift */,
			);
			path = ViewControllers;
			sourceTree = "<group>";
		};
		0247ED62295A8E0600212A78 /* ViewModels */ = {
			isa = PBXGroup;
			children = (
				0247ED5D295A8D3300212A78 /* MotionListViewModel.swift */,
			);
			path = ViewModels;
			sourceTree = "<group>";
		};
		0247ED63295A8EEA00212A78 /* Coordinators */ = {
			isa = PBXGroup;
			children = (
				0247ED55295A8C3000212A78 /* AppCoordinator.swift */,
				0247ED57295A8C5000212A78 /* Coordinator.swift */,
			);
			path = Coordinators;
			sourceTree = "<group>";
		};
		0247ED66295A924100212A78 /* Extension */ = {
			isa = PBXGroup;
			children = (
				0247ED6D295A932100212A78 /* UI */,
				0247ED69295A929300212A78 /* NSObject+extension.swift */,
				0247ED7C295ABA9700212A78 /* Collection+extension.swift */,
				0247ED7E295ABFDC00212A78 /* Date+extension.swift */,
			);
			path = Extension;
			sourceTree = "<group>";
		};
		0247ED6D295A932100212A78 /* UI */ = {
			isa = PBXGroup;
			children = (
				0247ED64295A923500212A78 /* UIView+extension.swift */,
				0247ED67295A927900212A78 /* UIStackView+extension.swift */,
				0247ED73295A963D00212A78 /* UIFont+extension.swift */,
				0247ED6B295A92AB00212A78 /* UITableView+extension.swift */,
			);
			path = UI;
			sourceTree = "<group>";
		};
		0247ED70295A948800212A78 /* Views */ = {
			isa = PBXGroup;
			children = (
				0247ED71295A949D00212A78 /* MotionDataCell.swift */,
			);
			path = Views;
			sourceTree = "<group>";
		};
		0247ED77295AB50E00212A78 /* MotionMeasure */ = {
			isa = PBXGroup;
			children = (
				0247ED79295AB53000212A78 /* Coordinator */,
			);
			path = MotionMeasure;
			sourceTree = "<group>";
		};
		0247ED78295AB52900212A78 /* Coordinator */ = {
			isa = PBXGroup;
			children = (
				0247ED59295A8CBE00212A78 /* MotionListCoordinator.swift */,
				0247ED5F295A8D8C00212A78 /* MotionListCoordinatorInterface.swift */,
			);
			path = Coordinator;
			sourceTree = "<group>";
		};
		0247ED79295AB53000212A78 /* Coordinator */ = {
			isa = PBXGroup;
			children = (
				0247ED75295AB07100212A78 /* MotionMeasureCoordinator.swift */,
			);
			path = Coordinator;
			sourceTree = "<group>";
		};
		63F01BA828D44FC400C53A39 = {
			isa = PBXGroup;
			children = (
				63F01BB328D44FC400C53A39 /* GyroData */,
				63F01BB228D44FC400C53A39 /* Products */,
			);
			sourceTree = "<group>";
		};
		63F01BB228D44FC400C53A39 /* Products */ = {
			isa = PBXGroup;
			children = (
				63F01BB128D44FC400C53A39 /* GyroData.app */,
			);
			name = Products;
			sourceTree = "<group>";
		};
		63F01BB328D44FC400C53A39 /* GyroData */ = {
			isa = PBXGroup;
			children = (
				0247ED50295A8B9B00212A78 /* Resources */,
				02432BFD29598DDF0035AEDD /* Sources */,
				63F01BC228D44FC500C53A39 /* Info.plist */,
			);
			path = GyroData;
			sourceTree = "<group>";
		};
/* End PBXGroup section */

/* Begin PBXNativeTarget section */
		63F01BB028D44FC400C53A39 /* GyroData */ = {
			isa = PBXNativeTarget;
			buildConfigurationList = 63F01BC528D44FC500C53A39 /* Build configuration list for PBXNativeTarget "GyroData" */;
			buildPhases = (
				63F01BAD28D44FC400C53A39 /* Sources */,
				63F01BAE28D44FC400C53A39 /* Frameworks */,
				63F01BAF28D44FC400C53A39 /* Resources */,
				02432BFC29598D510035AEDD /* ShellScript */,
			);
			buildRules = (
			);
			dependencies = (
			);
			name = GyroData;
			productName = GyroData;
			productReference = 63F01BB128D44FC400C53A39 /* GyroData.app */;
			productType = "com.apple.product-type.application";
		};
/* End PBXNativeTarget section */

/* Begin PBXProject section */
		63F01BA928D44FC400C53A39 /* Project object */ = {
			isa = PBXProject;
			attributes = {
				BuildIndependentTargetsInParallel = 1;
				LastSwiftUpdateCheck = 1400;
				LastUpgradeCheck = 1400;
				TargetAttributes = {
					63F01BB028D44FC400C53A39 = {
						CreatedOnToolsVersion = 14.0;
					};
				};
			};
			buildConfigurationList = 63F01BAC28D44FC400C53A39 /* Build configuration list for PBXProject "GyroData" */;
			compatibilityVersion = "Xcode 14.0";
			developmentRegion = en;
			hasScannedForEncodings = 0;
			knownRegions = (
				en,
				Base,
			);
			mainGroup = 63F01BA828D44FC400C53A39;
			productRefGroup = 63F01BB228D44FC400C53A39 /* Products */;
			projectDirPath = "";
			projectRoot = "";
			targets = (
				63F01BB028D44FC400C53A39 /* GyroData */,
			);
		};
/* End PBXProject section */

/* Begin PBXResourcesBuildPhase section */
		63F01BAF28D44FC400C53A39 /* Resources */ = {
			isa = PBXResourcesBuildPhase;
			buildActionMask = 2147483647;
			files = (
				63F01BC128D44FC500C53A39 /* LaunchScreen.storyboard in Resources */,
				63F01BBE28D44FC500C53A39 /* Assets.xcassets in Resources */,
			);
			runOnlyForDeploymentPostprocessing = 0;
		};
/* End PBXResourcesBuildPhase section */

/* Begin PBXShellScriptBuildPhase section */
		02432BFC29598D510035AEDD /* ShellScript */ = {
			isa = PBXShellScriptBuildPhase;
			buildActionMask = 2147483647;
			files = (
			);
			inputFileListPaths = (
			);
			inputPaths = (
			);
			outputFileListPaths = (
			);
			outputPaths = (
			);
			runOnlyForDeploymentPostprocessing = 0;
			shellPath = /bin/sh;
			shellScript = "if test -d \"/opt/homebrew/bin/\"; then\n  PATH=\"/opt/homebrew/bin/:${PATH}\"\nfi\n\nexport PATH\n\nif which swiftlint >/dev/null; then\n  swiftlint\nelse\n  echo \"warning: SwiftLint not installed, download from https://github.com/realm/SwiftLint\"\nfi\n";
		};
/* End PBXShellScriptBuildPhase section */

/* Begin PBXSourcesBuildPhase section */
		63F01BAD28D44FC400C53A39 /* Sources */ = {
			isa = PBXSourcesBuildPhase;
			buildActionMask = 2147483647;
			files = (
				02432C172959937D0035AEDD /* CoreDataStorage.swift in Sources */,
				0247ED72295A949D00212A78 /* MotionDataCell.swift in Sources */,
				02432C132959909C0035AEDD /* CoreMotionManager.swift in Sources */,
				0247ED74295A963D00212A78 /* UIFont+extension.swift in Sources */,
				0247ED5E295A8D3300212A78 /* MotionListViewModel.swift in Sources */,
				0247ED56295A8C3000212A78 /* AppCoordinator.swift in Sources */,
				02432C1A2959938E0035AEDD /* CoreDataStorage.xcdatamodeld in Sources */,
				0247ED5A295A8CBE00212A78 /* MotionListCoordinator.swift in Sources */,
				02432C222959A38C0035AEDD /* CoreDataMotionStorage.swift in Sources */,
				0247ED58295A8C5000212A78 /* Coordinator.swift in Sources */,
				0247ED7F295ABFDC00212A78 /* Date+extension.swift in Sources */,
				63F01BB528D44FC400C53A39 /* AppDelegate.swift in Sources */,
				0247ED7B295AB72600212A78 /* Observable.swift in Sources */,
				0247ED5C295A8D1200212A78 /* MotionListViewController.swift in Sources */,
				02432C282959CAFB0035AEDD /* MotionFileManager.swift in Sources */,
				0247ED76295AB07100212A78 /* MotionMeasureCoordinator.swift in Sources */,
				02432C11295990960035AEDD /* Motion.swift in Sources */,
				0247ED6C295A92AB00212A78 /* UITableView+extension.swift in Sources */,
				0247ED68295A927900212A78 /* UIStackView+extension.swift in Sources */,
				0247ED65295A923500212A78 /* UIView+extension.swift in Sources */,
				63F01BB728D44FC400C53A39 /* SceneDelegate.swift in Sources */,
				0247ED6A295A929300212A78 /* NSObject+extension.swift in Sources */,
				0247ED2F295A6F5400212A78 /* MotionList.swift in Sources */,
				02432C1F295994930035AEDD /* MotionEntity+Mapping.swift in Sources */,
				02432C262959A8420035AEDD /* MotionStorage.swift in Sources */,
				0247ED60295A8D8C00212A78 /* MotionListCoordinatorInterface.swift in Sources */,
				0247ED7D295ABA9700212A78 /* Collection+extension.swift in Sources */,
			);
			runOnlyForDeploymentPostprocessing = 0;
		};
/* End PBXSourcesBuildPhase section */

/* Begin PBXVariantGroup section */
		63F01BBF28D44FC500C53A39 /* LaunchScreen.storyboard */ = {
			isa = PBXVariantGroup;
			children = (
				63F01BC028D44FC500C53A39 /* Base */,
			);
			name = LaunchScreen.storyboard;
			sourceTree = "<group>";
		};
/* End PBXVariantGroup section */

/* Begin XCBuildConfiguration section */
		63F01BC328D44FC500C53A39 /* Debug */ = {
			isa = XCBuildConfiguration;
			buildSettings = {
				ALWAYS_SEARCH_USER_PATHS = NO;
				CLANG_ANALYZER_NONNULL = YES;
				CLANG_ANALYZER_NUMBER_OBJECT_CONVERSION = YES_AGGRESSIVE;
				CLANG_CXX_LANGUAGE_STANDARD = "gnu++20";
				CLANG_ENABLE_MODULES = YES;
				CLANG_ENABLE_OBJC_ARC = YES;
				CLANG_ENABLE_OBJC_WEAK = YES;
				CLANG_WARN_BLOCK_CAPTURE_AUTORELEASING = YES;
				CLANG_WARN_BOOL_CONVERSION = YES;
				CLANG_WARN_COMMA = YES;
				CLANG_WARN_CONSTANT_CONVERSION = YES;
				CLANG_WARN_DEPRECATED_OBJC_IMPLEMENTATIONS = YES;
				CLANG_WARN_DIRECT_OBJC_ISA_USAGE = YES_ERROR;
				CLANG_WARN_DOCUMENTATION_COMMENTS = YES;
				CLANG_WARN_EMPTY_BODY = YES;
				CLANG_WARN_ENUM_CONVERSION = YES;
				CLANG_WARN_INFINITE_RECURSION = YES;
				CLANG_WARN_INT_CONVERSION = YES;
				CLANG_WARN_NON_LITERAL_NULL_CONVERSION = YES;
				CLANG_WARN_OBJC_IMPLICIT_RETAIN_SELF = YES;
				CLANG_WARN_OBJC_LITERAL_CONVERSION = YES;
				CLANG_WARN_OBJC_ROOT_CLASS = YES_ERROR;
				CLANG_WARN_QUOTED_INCLUDE_IN_FRAMEWORK_HEADER = YES;
				CLANG_WARN_RANGE_LOOP_ANALYSIS = YES;
				CLANG_WARN_STRICT_PROTOTYPES = YES;
				CLANG_WARN_SUSPICIOUS_MOVE = YES;
				CLANG_WARN_UNGUARDED_AVAILABILITY = YES_AGGRESSIVE;
				CLANG_WARN_UNREACHABLE_CODE = YES;
				CLANG_WARN__DUPLICATE_METHOD_MATCH = YES;
				COPY_PHASE_STRIP = NO;
				DEBUG_INFORMATION_FORMAT = dwarf;
				ENABLE_STRICT_OBJC_MSGSEND = YES;
				ENABLE_TESTABILITY = YES;
				GCC_C_LANGUAGE_STANDARD = gnu11;
				GCC_DYNAMIC_NO_PIC = NO;
				GCC_NO_COMMON_BLOCKS = YES;
				GCC_OPTIMIZATION_LEVEL = 0;
				GCC_PREPROCESSOR_DEFINITIONS = (
					"DEBUG=1",
					"$(inherited)",
				);
				GCC_WARN_64_TO_32_BIT_CONVERSION = YES;
				GCC_WARN_ABOUT_RETURN_TYPE = YES_ERROR;
				GCC_WARN_UNDECLARED_SELECTOR = YES;
				GCC_WARN_UNINITIALIZED_AUTOS = YES_AGGRESSIVE;
				GCC_WARN_UNUSED_FUNCTION = YES;
				GCC_WARN_UNUSED_VARIABLE = YES;
				IPHONEOS_DEPLOYMENT_TARGET = 16.0;
				MTL_ENABLE_DEBUG_INFO = INCLUDE_SOURCE;
				MTL_FAST_MATH = YES;
				ONLY_ACTIVE_ARCH = YES;
				SDKROOT = iphoneos;
				SWIFT_ACTIVE_COMPILATION_CONDITIONS = DEBUG;
				SWIFT_OPTIMIZATION_LEVEL = "-Onone";
			};
			name = Debug;
		};
		63F01BC428D44FC500C53A39 /* Release */ = {
			isa = XCBuildConfiguration;
			buildSettings = {
				ALWAYS_SEARCH_USER_PATHS = NO;
				CLANG_ANALYZER_NONNULL = YES;
				CLANG_ANALYZER_NUMBER_OBJECT_CONVERSION = YES_AGGRESSIVE;
				CLANG_CXX_LANGUAGE_STANDARD = "gnu++20";
				CLANG_ENABLE_MODULES = YES;
				CLANG_ENABLE_OBJC_ARC = YES;
				CLANG_ENABLE_OBJC_WEAK = YES;
				CLANG_WARN_BLOCK_CAPTURE_AUTORELEASING = YES;
				CLANG_WARN_BOOL_CONVERSION = YES;
				CLANG_WARN_COMMA = YES;
				CLANG_WARN_CONSTANT_CONVERSION = YES;
				CLANG_WARN_DEPRECATED_OBJC_IMPLEMENTATIONS = YES;
				CLANG_WARN_DIRECT_OBJC_ISA_USAGE = YES_ERROR;
				CLANG_WARN_DOCUMENTATION_COMMENTS = YES;
				CLANG_WARN_EMPTY_BODY = YES;
				CLANG_WARN_ENUM_CONVERSION = YES;
				CLANG_WARN_INFINITE_RECURSION = YES;
				CLANG_WARN_INT_CONVERSION = YES;
				CLANG_WARN_NON_LITERAL_NULL_CONVERSION = YES;
				CLANG_WARN_OBJC_IMPLICIT_RETAIN_SELF = YES;
				CLANG_WARN_OBJC_LITERAL_CONVERSION = YES;
				CLANG_WARN_OBJC_ROOT_CLASS = YES_ERROR;
				CLANG_WARN_QUOTED_INCLUDE_IN_FRAMEWORK_HEADER = YES;
				CLANG_WARN_RANGE_LOOP_ANALYSIS = YES;
				CLANG_WARN_STRICT_PROTOTYPES = YES;
				CLANG_WARN_SUSPICIOUS_MOVE = YES;
				CLANG_WARN_UNGUARDED_AVAILABILITY = YES_AGGRESSIVE;
				CLANG_WARN_UNREACHABLE_CODE = YES;
				CLANG_WARN__DUPLICATE_METHOD_MATCH = YES;
				COPY_PHASE_STRIP = NO;
				DEBUG_INFORMATION_FORMAT = "dwarf-with-dsym";
				ENABLE_NS_ASSERTIONS = NO;
				ENABLE_STRICT_OBJC_MSGSEND = YES;
				GCC_C_LANGUAGE_STANDARD = gnu11;
				GCC_NO_COMMON_BLOCKS = YES;
				GCC_WARN_64_TO_32_BIT_CONVERSION = YES;
				GCC_WARN_ABOUT_RETURN_TYPE = YES_ERROR;
				GCC_WARN_UNDECLARED_SELECTOR = YES;
				GCC_WARN_UNINITIALIZED_AUTOS = YES_AGGRESSIVE;
				GCC_WARN_UNUSED_FUNCTION = YES;
				GCC_WARN_UNUSED_VARIABLE = YES;
				IPHONEOS_DEPLOYMENT_TARGET = 16.0;
				MTL_ENABLE_DEBUG_INFO = NO;
				MTL_FAST_MATH = YES;
				SDKROOT = iphoneos;
				SWIFT_COMPILATION_MODE = wholemodule;
				SWIFT_OPTIMIZATION_LEVEL = "-O";
				VALIDATE_PRODUCT = YES;
			};
			name = Release;
		};
		63F01BC628D44FC500C53A39 /* Debug */ = {
			isa = XCBuildConfiguration;
			buildSettings = {
				ASSETCATALOG_COMPILER_APPICON_NAME = AppIcon;
				ASSETCATALOG_COMPILER_GLOBAL_ACCENT_COLOR_NAME = AccentColor;
				CODE_SIGN_STYLE = Automatic;
				CURRENT_PROJECT_VERSION = 1;
				DEVELOPMENT_TEAM = RCVFD6XLU9;
				GENERATE_INFOPLIST_FILE = YES;
				INFOPLIST_FILE = GyroData/Info.plist;
				INFOPLIST_KEY_UIApplicationSupportsIndirectInputEvents = YES;
				INFOPLIST_KEY_UILaunchStoryboardName = LaunchScreen;
				INFOPLIST_KEY_UISupportedInterfaceOrientations_iPad = "UIInterfaceOrientationPortrait UIInterfaceOrientationPortraitUpsideDown UIInterfaceOrientationLandscapeLeft UIInterfaceOrientationLandscapeRight";
				INFOPLIST_KEY_UISupportedInterfaceOrientations_iPhone = "UIInterfaceOrientationPortrait UIInterfaceOrientationLandscapeLeft UIInterfaceOrientationLandscapeRight";
				LD_RUNPATH_SEARCH_PATHS = (
					"$(inherited)",
					"@executable_path/Frameworks",
				);
				MARKETING_VERSION = 1.0;
				PRODUCT_BUNDLE_IDENTIFIER = net.yagom.GyroData;
				PRODUCT_NAME = "$(TARGET_NAME)";
				SWIFT_EMIT_LOC_STRINGS = YES;
				SWIFT_VERSION = 5.0;
				TARGETED_DEVICE_FAMILY = "1,2";
			};
			name = Debug;
		};
		63F01BC728D44FC500C53A39 /* Release */ = {
			isa = XCBuildConfiguration;
			buildSettings = {
				ASSETCATALOG_COMPILER_APPICON_NAME = AppIcon;
				ASSETCATALOG_COMPILER_GLOBAL_ACCENT_COLOR_NAME = AccentColor;
				CODE_SIGN_STYLE = Automatic;
				CURRENT_PROJECT_VERSION = 1;
				DEVELOPMENT_TEAM = RCVFD6XLU9;
				GENERATE_INFOPLIST_FILE = YES;
				INFOPLIST_FILE = GyroData/Info.plist;
				INFOPLIST_KEY_UIApplicationSupportsIndirectInputEvents = YES;
				INFOPLIST_KEY_UILaunchStoryboardName = LaunchScreen;
				INFOPLIST_KEY_UISupportedInterfaceOrientations_iPad = "UIInterfaceOrientationPortrait UIInterfaceOrientationPortraitUpsideDown UIInterfaceOrientationLandscapeLeft UIInterfaceOrientationLandscapeRight";
				INFOPLIST_KEY_UISupportedInterfaceOrientations_iPhone = "UIInterfaceOrientationPortrait UIInterfaceOrientationLandscapeLeft UIInterfaceOrientationLandscapeRight";
				LD_RUNPATH_SEARCH_PATHS = (
					"$(inherited)",
					"@executable_path/Frameworks",
				);
				MARKETING_VERSION = 1.0;
				PRODUCT_BUNDLE_IDENTIFIER = net.yagom.GyroData;
				PRODUCT_NAME = "$(TARGET_NAME)";
				SWIFT_EMIT_LOC_STRINGS = YES;
				SWIFT_VERSION = 5.0;
				TARGETED_DEVICE_FAMILY = "1,2";
			};
			name = Release;
		};
/* End XCBuildConfiguration section */

/* Begin XCConfigurationList section */
		63F01BAC28D44FC400C53A39 /* Build configuration list for PBXProject "GyroData" */ = {
			isa = XCConfigurationList;
			buildConfigurations = (
				63F01BC328D44FC500C53A39 /* Debug */,
				63F01BC428D44FC500C53A39 /* Release */,
			);
			defaultConfigurationIsVisible = 0;
			defaultConfigurationName = Release;
		};
		63F01BC528D44FC500C53A39 /* Build configuration list for PBXNativeTarget "GyroData" */ = {
			isa = XCConfigurationList;
			buildConfigurations = (
				63F01BC628D44FC500C53A39 /* Debug */,
				63F01BC728D44FC500C53A39 /* Release */,
			);
			defaultConfigurationIsVisible = 0;
			defaultConfigurationName = Release;
		};
/* End XCConfigurationList section */

/* Begin XCVersionGroup section */
		02432C182959938E0035AEDD /* CoreDataStorage.xcdatamodeld */ = {
			isa = XCVersionGroup;
			children = (
				02432C192959938E0035AEDD /* MotionEntity.xcdatamodel */,
			);
			currentVersion = 02432C192959938E0035AEDD /* MotionEntity.xcdatamodel */;
			path = CoreDataStorage.xcdatamodeld;
			sourceTree = "<group>";
			versionGroupType = wrapper.xcdatamodel;
		};
/* End XCVersionGroup section */
	};
	rootObject = 63F01BA928D44FC400C53A39 /* Project object */;
}
