// !$*UTF8*$!
{
	archiveVersion = 1;
	classes = {
	};
	objectVersion = 56;
	objects = {

/* Begin PBXBuildFile section */
		63F01BB528D44FC400C53A39 /* AppDelegate.swift in Sources */ = {isa = PBXBuildFile; fileRef = 63F01BB428D44FC400C53A39 /* AppDelegate.swift */; };
		63F01BB728D44FC400C53A39 /* SceneDelegate.swift in Sources */ = {isa = PBXBuildFile; fileRef = 63F01BB628D44FC400C53A39 /* SceneDelegate.swift */; };
		63F01BB928D44FC400C53A39 /* ListViewController.swift in Sources */ = {isa = PBXBuildFile; fileRef = 63F01BB828D44FC400C53A39 /* ListViewController.swift */; };
		63F01BBE28D44FC500C53A39 /* Assets.xcassets in Resources */ = {isa = PBXBuildFile; fileRef = 63F01BBD28D44FC500C53A39 /* Assets.xcassets */; };
		63F01BC128D44FC500C53A39 /* LaunchScreen.storyboard in Resources */ = {isa = PBXBuildFile; fileRef = 63F01BBF28D44FC500C53A39 /* LaunchScreen.storyboard */; };
		A3DED01B295965CE007EE19D /* MeasuredData.swift in Sources */ = {isa = PBXBuildFile; fileRef = A3DED01A295965CE007EE19D /* MeasuredData.swift */; };
		A3DED01F29596846007EE19D /* ListView.swift in Sources */ = {isa = PBXBuildFile; fileRef = A3DED01E29596846007EE19D /* ListView.swift */; };
		A3DED02129596A83007EE19D /* ListViewCell.swift in Sources */ = {isa = PBXBuildFile; fileRef = A3DED02029596A83007EE19D /* ListViewCell.swift */; };
		A3DED0242959821C007EE19D /* Date+Extension.swift in Sources */ = {isa = PBXBuildFile; fileRef = A3DED0232959821C007EE19D /* Date+Extension.swift */; };
		AF0CBC94295B413A0098A6D1 /* GyroDataTests.swift in Sources */ = {isa = PBXBuildFile; fileRef = AF0CBC93295B413A0098A6D1 /* GyroDataTests.swift */; };
		AF1BD837295C1DDA00432F19 /* MotionData.xcdatamodeld in Sources */ = {isa = PBXBuildFile; fileRef = AF1BD835295C1DDA00432F19 /* MotionData.xcdatamodeld */; };
		AF1BD83E295C1E9E00432F19 /* MotionData+CoreDataClass.swift in Sources */ = {isa = PBXBuildFile; fileRef = AF1BD83C295C1E9E00432F19 /* MotionData+CoreDataClass.swift */; };
		AF1BD83F295C1E9E00432F19 /* MotionData+CoreDataProperties.swift in Sources */ = {isa = PBXBuildFile; fileRef = AF1BD83D295C1E9E00432F19 /* MotionData+CoreDataProperties.swift */; };
		AF1BD840295C1EC300432F19 /* MotionData+CoreDataClass.swift in Sources */ = {isa = PBXBuildFile; fileRef = AF1BD83C295C1E9E00432F19 /* MotionData+CoreDataClass.swift */; };
		AF1BD841295C1EC500432F19 /* MotionData+CoreDataProperties.swift in Sources */ = {isa = PBXBuildFile; fileRef = AF1BD83D295C1E9E00432F19 /* MotionData+CoreDataProperties.swift */; };
		AF1BD842295C1F5100432F19 /* MotionData.xcdatamodeld in Sources */ = {isa = PBXBuildFile; fileRef = AF1BD835295C1DDA00432F19 /* MotionData.xcdatamodeld */; };
		AF1BD844295C3E2A00432F19 /* FileHandleManager.swift in Sources */ = {isa = PBXBuildFile; fileRef = AF1BD843295C3E2A00432F19 /* FileHandleManager.swift */; };
		AFABE5E22959734C00F2F6E3 /* ListViewModel.swift in Sources */ = {isa = PBXBuildFile; fileRef = AFABE5E12959734C00F2F6E3 /* ListViewModel.swift */; };
		AFABE5E4295975A600F2F6E3 /* CellData.swift in Sources */ = {isa = PBXBuildFile; fileRef = AFABE5E3295975A600F2F6E3 /* CellData.swift */; };
		FDA47545295AC62D006D57B7 /* Sensor.swift in Sources */ = {isa = PBXBuildFile; fileRef = FDA47544295AC62D006D57B7 /* Sensor.swift */; };
		FDA47548295AC793006D57B7 /* ChartView.swift in Sources */ = {isa = PBXBuildFile; fileRef = FDA47547295AC793006D57B7 /* ChartView.swift */; };
		FDA4754E295AC838006D57B7 /* CoreMotionManager.swift in Sources */ = {isa = PBXBuildFile; fileRef = FDA4754D295AC838006D57B7 /* CoreMotionManager.swift */; };
		FDA47550295AC953006D57B7 /* CoreDataManager.swift in Sources */ = {isa = PBXBuildFile; fileRef = FDA4754F295AC953006D57B7 /* CoreDataManager.swift */; };
/* End PBXBuildFile section */

/* Begin PBXContainerItemProxy section */
		AF0CBC95295B413A0098A6D1 /* PBXContainerItemProxy */ = {
			isa = PBXContainerItemProxy;
			containerPortal = 63F01BA928D44FC400C53A39 /* Project object */;
			proxyType = 1;
			remoteGlobalIDString = 63F01BB028D44FC400C53A39;
			remoteInfo = GyroData;
		};
/* End PBXContainerItemProxy section */

/* Begin PBXFileReference section */
		63F01BB128D44FC400C53A39 /* GyroData.app */ = {isa = PBXFileReference; explicitFileType = wrapper.application; includeInIndex = 0; path = GyroData.app; sourceTree = BUILT_PRODUCTS_DIR; };
		63F01BB428D44FC400C53A39 /* AppDelegate.swift */ = {isa = PBXFileReference; lastKnownFileType = sourcecode.swift; path = AppDelegate.swift; sourceTree = "<group>"; };
		63F01BB628D44FC400C53A39 /* SceneDelegate.swift */ = {isa = PBXFileReference; lastKnownFileType = sourcecode.swift; path = SceneDelegate.swift; sourceTree = "<group>"; };
		63F01BB828D44FC400C53A39 /* ListViewController.swift */ = {isa = PBXFileReference; lastKnownFileType = sourcecode.swift; path = ListViewController.swift; sourceTree = "<group>"; };
		63F01BBD28D44FC500C53A39 /* Assets.xcassets */ = {isa = PBXFileReference; lastKnownFileType = folder.assetcatalog; path = Assets.xcassets; sourceTree = "<group>"; };
		63F01BC028D44FC500C53A39 /* Base */ = {isa = PBXFileReference; lastKnownFileType = file.storyboard; name = Base; path = Base.lproj/LaunchScreen.storyboard; sourceTree = "<group>"; };
		63F01BC228D44FC500C53A39 /* Info.plist */ = {isa = PBXFileReference; lastKnownFileType = text.plist.xml; path = Info.plist; sourceTree = "<group>"; };
		A3DED01A295965CE007EE19D /* MeasuredData.swift */ = {isa = PBXFileReference; lastKnownFileType = sourcecode.swift; path = MeasuredData.swift; sourceTree = "<group>"; };
		A3DED01E29596846007EE19D /* ListView.swift */ = {isa = PBXFileReference; lastKnownFileType = sourcecode.swift; path = ListView.swift; sourceTree = "<group>"; };
		A3DED02029596A83007EE19D /* ListViewCell.swift */ = {isa = PBXFileReference; lastKnownFileType = sourcecode.swift; path = ListViewCell.swift; sourceTree = "<group>"; };
		A3DED0232959821C007EE19D /* Date+Extension.swift */ = {isa = PBXFileReference; lastKnownFileType = sourcecode.swift; path = "Date+Extension.swift"; sourceTree = "<group>"; };
		AF0CBC91295B413A0098A6D1 /* GyroDataTests.xctest */ = {isa = PBXFileReference; explicitFileType = wrapper.cfbundle; includeInIndex = 0; path = GyroDataTests.xctest; sourceTree = BUILT_PRODUCTS_DIR; };
		AF0CBC93295B413A0098A6D1 /* GyroDataTests.swift */ = {isa = PBXFileReference; lastKnownFileType = sourcecode.swift; path = GyroDataTests.swift; sourceTree = "<group>"; };
		AF1BD836295C1DDA00432F19 /* MotionData.xcdatamodel */ = {isa = PBXFileReference; lastKnownFileType = wrapper.xcdatamodel; path = MotionData.xcdatamodel; sourceTree = "<group>"; };
		AF1BD83C295C1E9E00432F19 /* MotionData+CoreDataClass.swift */ = {isa = PBXFileReference; lastKnownFileType = sourcecode.swift; path = "MotionData+CoreDataClass.swift"; sourceTree = "<group>"; };
		AF1BD83D295C1E9E00432F19 /* MotionData+CoreDataProperties.swift */ = {isa = PBXFileReference; lastKnownFileType = sourcecode.swift; path = "MotionData+CoreDataProperties.swift"; sourceTree = "<group>"; };
		AF1BD843295C3E2A00432F19 /* FileHandleManager.swift */ = {isa = PBXFileReference; lastKnownFileType = sourcecode.swift; path = FileHandleManager.swift; sourceTree = "<group>"; };
		AFABE5E12959734C00F2F6E3 /* ListViewModel.swift */ = {isa = PBXFileReference; lastKnownFileType = sourcecode.swift; path = ListViewModel.swift; sourceTree = "<group>"; };
		AFABE5E3295975A600F2F6E3 /* CellData.swift */ = {isa = PBXFileReference; lastKnownFileType = sourcecode.swift; path = CellData.swift; sourceTree = "<group>"; };
		FDA47544295AC62D006D57B7 /* Sensor.swift */ = {isa = PBXFileReference; lastKnownFileType = sourcecode.swift; path = Sensor.swift; sourceTree = "<group>"; };
		FDA47547295AC793006D57B7 /* ChartView.swift */ = {isa = PBXFileReference; lastKnownFileType = sourcecode.swift; path = ChartView.swift; sourceTree = "<group>"; };
		FDA4754D295AC838006D57B7 /* CoreMotionManager.swift */ = {isa = PBXFileReference; lastKnownFileType = sourcecode.swift; path = CoreMotionManager.swift; sourceTree = "<group>"; };
		FDA4754F295AC953006D57B7 /* CoreDataManager.swift */ = {isa = PBXFileReference; lastKnownFileType = sourcecode.swift; path = CoreDataManager.swift; sourceTree = "<group>"; };
/* End PBXFileReference section */

/* Begin PBXFrameworksBuildPhase section */
		63F01BAE28D44FC400C53A39 /* Frameworks */ = {
			isa = PBXFrameworksBuildPhase;
			buildActionMask = 2147483647;
			files = (
			);
			runOnlyForDeploymentPostprocessing = 0;
		};
		AF0CBC8E295B413A0098A6D1 /* Frameworks */ = {
			isa = PBXFrameworksBuildPhase;
			buildActionMask = 2147483647;
			files = (
			);
			runOnlyForDeploymentPostprocessing = 0;
		};
/* End PBXFrameworksBuildPhase section */

/* Begin PBXGroup section */
		63F01BA828D44FC400C53A39 = {
			isa = PBXGroup;
			children = (
				AF1BD83C295C1E9E00432F19 /* MotionData+CoreDataClass.swift */,
				AF1BD83D295C1E9E00432F19 /* MotionData+CoreDataProperties.swift */,
				63F01BB328D44FC400C53A39 /* GyroData */,
				AF0CBC92295B413A0098A6D1 /* GyroDataTests */,
				63F01BB228D44FC400C53A39 /* Products */,
			);
			sourceTree = "<group>";
		};
		63F01BB228D44FC400C53A39 /* Products */ = {
			isa = PBXGroup;
			children = (
				63F01BB128D44FC400C53A39 /* GyroData.app */,
				AF0CBC91295B413A0098A6D1 /* GyroDataTests.xctest */,
			);
			name = Products;
			sourceTree = "<group>";
		};
		63F01BB328D44FC400C53A39 /* GyroData */ = {
			isa = PBXGroup;
			children = (
				63F01BB428D44FC400C53A39 /* AppDelegate.swift */,
				63F01BB628D44FC400C53A39 /* SceneDelegate.swift */,
				63F01BBD28D44FC500C53A39 /* Assets.xcassets */,
				63F01BBF28D44FC500C53A39 /* LaunchScreen.storyboard */,
				63F01BC228D44FC500C53A39 /* Info.plist */,
				AF1BD835295C1DDA00432F19 /* MotionData.xcdatamodeld */,
				FDA47551295AC99D006D57B7 /* Manager */,
				FDA47546295AC76E006D57B7 /* ChartView */,
				FDA47543295AC619006D57B7 /* Common */,
				A3DED022295981D9007EE19D /* Extension */,
				AFABE5E5295975D300F2F6E3 /* ViewModel */,
				A3DED01D29596817007EE19D /* View */,
				A3DED01C295967D5007EE19D /* Model */,
			);
			path = GyroData;
			sourceTree = "<group>";
		};
		A3DED01C295967D5007EE19D /* Model */ = {
			isa = PBXGroup;
			children = (
				A3DED01A295965CE007EE19D /* MeasuredData.swift */,
				AFABE5E3295975A600F2F6E3 /* CellData.swift */,
			);
			path = Model;
			sourceTree = "<group>";
		};
		A3DED01D29596817007EE19D /* View */ = {
			isa = PBXGroup;
			children = (
				63F01BB828D44FC400C53A39 /* ListViewController.swift */,
				A3DED01E29596846007EE19D /* ListView.swift */,
				A3DED02029596A83007EE19D /* ListViewCell.swift */,
			);
			path = View;
			sourceTree = "<group>";
		};
		A3DED022295981D9007EE19D /* Extension */ = {
			isa = PBXGroup;
			children = (
				A3DED0232959821C007EE19D /* Date+Extension.swift */,
			);
			path = Extension;
			sourceTree = "<group>";
		};
		AF0CBC92295B413A0098A6D1 /* GyroDataTests */ = {
			isa = PBXGroup;
			children = (
				AF0CBC93295B413A0098A6D1 /* GyroDataTests.swift */,
			);
			path = GyroDataTests;
			sourceTree = "<group>";
		};
		AFABE5E5295975D300F2F6E3 /* ViewModel */ = {
			isa = PBXGroup;
			children = (
				AFABE5E12959734C00F2F6E3 /* ListViewModel.swift */,
			);
			path = ViewModel;
			sourceTree = "<group>";
		};
		FDA47543295AC619006D57B7 /* Common */ = {
			isa = PBXGroup;
			children = (
				FDA47544295AC62D006D57B7 /* Sensor.swift */,
			);
			path = Common;
			sourceTree = "<group>";
		};
		FDA47546295AC76E006D57B7 /* ChartView */ = {
			isa = PBXGroup;
			children = (
				FDA47547295AC793006D57B7 /* ChartView.swift */,
			);
			path = ChartView;
			sourceTree = "<group>";
		};
		FDA47551295AC99D006D57B7 /* Manager */ = {
			isa = PBXGroup;
			children = (
				FDA4754D295AC838006D57B7 /* CoreMotionManager.swift */,
				FDA4754F295AC953006D57B7 /* CoreDataManager.swift */,
				AF1BD843295C3E2A00432F19 /* FileHandleManager.swift */,
			);
			path = Manager;
			sourceTree = "<group>";
		};
/* End PBXGroup section */

/* Begin PBXNativeTarget section */
		63F01BB028D44FC400C53A39 /* GyroData */ = {
			isa = PBXNativeTarget;
			buildConfigurationList = 63F01BC528D44FC500C53A39 /* Build configuration list for PBXNativeTarget "GyroData" */;
			buildPhases = (
				63F01BAD28D44FC400C53A39 /* Sources */,
				63F01BAE28D44FC400C53A39 /* Frameworks */,
				63F01BAF28D44FC400C53A39 /* Resources */,
			);
			buildRules = (
			);
			dependencies = (
			);
			name = GyroData;
			productName = GyroData;
			productReference = 63F01BB128D44FC400C53A39 /* GyroData.app */;
			productType = "com.apple.product-type.application";
		};
		AF0CBC90295B413A0098A6D1 /* GyroDataTests */ = {
			isa = PBXNativeTarget;
			buildConfigurationList = AF0CBC99295B413A0098A6D1 /* Build configuration list for PBXNativeTarget "GyroDataTests" */;
			buildPhases = (
				AF0CBC8D295B413A0098A6D1 /* Sources */,
				AF0CBC8E295B413A0098A6D1 /* Frameworks */,
				AF0CBC8F295B413A0098A6D1 /* Resources */,
			);
			buildRules = (
			);
			dependencies = (
				AF0CBC96295B413A0098A6D1 /* PBXTargetDependency */,
			);
			name = GyroDataTests;
			productName = GyroDataTests;
			productReference = AF0CBC91295B413A0098A6D1 /* GyroDataTests.xctest */;
			productType = "com.apple.product-type.bundle.unit-test";
		};
/* End PBXNativeTarget section */

/* Begin PBXProject section */
		63F01BA928D44FC400C53A39 /* Project object */ = {
			isa = PBXProject;
			attributes = {
				BuildIndependentTargetsInParallel = 1;
				LastSwiftUpdateCheck = 1400;
				LastUpgradeCheck = 1400;
				TargetAttributes = {
					63F01BB028D44FC400C53A39 = {
						CreatedOnToolsVersion = 14.0;
					};
					AF0CBC90295B413A0098A6D1 = {
						CreatedOnToolsVersion = 14.0.1;
						TestTargetID = 63F01BB028D44FC400C53A39;
					};
				};
			};
			buildConfigurationList = 63F01BAC28D44FC400C53A39 /* Build configuration list for PBXProject "GyroData" */;
			compatibilityVersion = "Xcode 14.0";
			developmentRegion = en;
			hasScannedForEncodings = 0;
			knownRegions = (
				en,
				Base,
			);
			mainGroup = 63F01BA828D44FC400C53A39;
			productRefGroup = 63F01BB228D44FC400C53A39 /* Products */;
			projectDirPath = "";
			projectRoot = "";
			targets = (
				63F01BB028D44FC400C53A39 /* GyroData */,
				AF0CBC90295B413A0098A6D1 /* GyroDataTests */,
			);
		};
/* End PBXProject section */

/* Begin PBXResourcesBuildPhase section */
		63F01BAF28D44FC400C53A39 /* Resources */ = {
			isa = PBXResourcesBuildPhase;
			buildActionMask = 2147483647;
			files = (
				63F01BC128D44FC500C53A39 /* LaunchScreen.storyboard in Resources */,
				63F01BBE28D44FC500C53A39 /* Assets.xcassets in Resources */,
			);
			runOnlyForDeploymentPostprocessing = 0;
		};
		AF0CBC8F295B413A0098A6D1 /* Resources */ = {
			isa = PBXResourcesBuildPhase;
			buildActionMask = 2147483647;
			files = (
			);
			runOnlyForDeploymentPostprocessing = 0;
		};
/* End PBXResourcesBuildPhase section */

/* Begin PBXSourcesBuildPhase section */
		63F01BAD28D44FC400C53A39 /* Sources */ = {
			isa = PBXSourcesBuildPhase;
			buildActionMask = 2147483647;
			files = (
				63F01BB928D44FC400C53A39 /* ListViewController.swift in Sources */,
				AF1BD844295C3E2A00432F19 /* FileHandleManager.swift in Sources */,
				FDA47545295AC62D006D57B7 /* Sensor.swift in Sources */,
				63F01BB528D44FC400C53A39 /* AppDelegate.swift in Sources */,
				AFABE5E22959734C00F2F6E3 /* ListViewModel.swift in Sources */,
				FDA4754E295AC838006D57B7 /* CoreMotionManager.swift in Sources */,
				AF1BD840295C1EC300432F19 /* MotionData+CoreDataClass.swift in Sources */,
				AFABE5E4295975A600F2F6E3 /* CellData.swift in Sources */,
				63F01BB728D44FC400C53A39 /* SceneDelegate.swift in Sources */,
				FDA47550295AC953006D57B7 /* CoreDataManager.swift in Sources */,
				A3DED01F29596846007EE19D /* ListView.swift in Sources */,
				FDA47548295AC793006D57B7 /* ChartView.swift in Sources */,
				AF1BD841295C1EC500432F19 /* MotionData+CoreDataProperties.swift in Sources */,
				A3DED02129596A83007EE19D /* ListViewCell.swift in Sources */,
				A3DED01B295965CE007EE19D /* MeasuredData.swift in Sources */,
				A3DED0242959821C007EE19D /* Date+Extension.swift in Sources */,
				AF1BD842295C1F5100432F19 /* MotionData.xcdatamodeld in Sources */,
			);
			runOnlyForDeploymentPostprocessing = 0;
		};
		AF0CBC8D295B413A0098A6D1 /* Sources */ = {
			isa = PBXSourcesBuildPhase;
			buildActionMask = 2147483647;
			files = (
				AF0CBC94295B413A0098A6D1 /* GyroDataTests.swift in Sources */,
				AF1BD83F295C1E9E00432F19 /* MotionData+CoreDataProperties.swift in Sources */,
				AF1BD83E295C1E9E00432F19 /* MotionData+CoreDataClass.swift in Sources */,
				AF1BD837295C1DDA00432F19 /* MotionData.xcdatamodeld in Sources */,
			);
			runOnlyForDeploymentPostprocessing = 0;
		};
/* End PBXSourcesBuildPhase section */

/* Begin PBXTargetDependency section */
		AF0CBC96295B413A0098A6D1 /* PBXTargetDependency */ = {
			isa = PBXTargetDependency;
			target = 63F01BB028D44FC400C53A39 /* GyroData */;
			targetProxy = AF0CBC95295B413A0098A6D1 /* PBXContainerItemProxy */;
		};
/* End PBXTargetDependency section */

/* Begin PBXVariantGroup section */
		63F01BBF28D44FC500C53A39 /* LaunchScreen.storyboard */ = {
			isa = PBXVariantGroup;
			children = (
				63F01BC028D44FC500C53A39 /* Base */,
			);
			name = LaunchScreen.storyboard;
			sourceTree = "<group>";
		};
/* End PBXVariantGroup section */

/* Begin XCBuildConfiguration section */
		63F01BC328D44FC500C53A39 /* Debug */ = {
			isa = XCBuildConfiguration;
			buildSettings = {
				ALWAYS_SEARCH_USER_PATHS = NO;
				CLANG_ANALYZER_NONNULL = YES;
				CLANG_ANALYZER_NUMBER_OBJECT_CONVERSION = YES_AGGRESSIVE;
				CLANG_CXX_LANGUAGE_STANDARD = "gnu++20";
				CLANG_ENABLE_MODULES = YES;
				CLANG_ENABLE_OBJC_ARC = YES;
				CLANG_ENABLE_OBJC_WEAK = YES;
				CLANG_WARN_BLOCK_CAPTURE_AUTORELEASING = YES;
				CLANG_WARN_BOOL_CONVERSION = YES;
				CLANG_WARN_COMMA = YES;
				CLANG_WARN_CONSTANT_CONVERSION = YES;
				CLANG_WARN_DEPRECATED_OBJC_IMPLEMENTATIONS = YES;
				CLANG_WARN_DIRECT_OBJC_ISA_USAGE = YES_ERROR;
				CLANG_WARN_DOCUMENTATION_COMMENTS = YES;
				CLANG_WARN_EMPTY_BODY = YES;
				CLANG_WARN_ENUM_CONVERSION = YES;
				CLANG_WARN_INFINITE_RECURSION = YES;
				CLANG_WARN_INT_CONVERSION = YES;
				CLANG_WARN_NON_LITERAL_NULL_CONVERSION = YES;
				CLANG_WARN_OBJC_IMPLICIT_RETAIN_SELF = YES;
				CLANG_WARN_OBJC_LITERAL_CONVERSION = YES;
				CLANG_WARN_OBJC_ROOT_CLASS = YES_ERROR;
				CLANG_WARN_QUOTED_INCLUDE_IN_FRAMEWORK_HEADER = YES;
				CLANG_WARN_RANGE_LOOP_ANALYSIS = YES;
				CLANG_WARN_STRICT_PROTOTYPES = YES;
				CLANG_WARN_SUSPICIOUS_MOVE = YES;
				CLANG_WARN_UNGUARDED_AVAILABILITY = YES_AGGRESSIVE;
				CLANG_WARN_UNREACHABLE_CODE = YES;
				CLANG_WARN__DUPLICATE_METHOD_MATCH = YES;
				COPY_PHASE_STRIP = NO;
				DEBUG_INFORMATION_FORMAT = dwarf;
				ENABLE_STRICT_OBJC_MSGSEND = YES;
				ENABLE_TESTABILITY = YES;
				GCC_C_LANGUAGE_STANDARD = gnu11;
				GCC_DYNAMIC_NO_PIC = NO;
				GCC_NO_COMMON_BLOCKS = YES;
				GCC_OPTIMIZATION_LEVEL = 0;
				GCC_PREPROCESSOR_DEFINITIONS = (
					"DEBUG=1",
					"$(inherited)",
				);
				GCC_WARN_64_TO_32_BIT_CONVERSION = YES;
				GCC_WARN_ABOUT_RETURN_TYPE = YES_ERROR;
				GCC_WARN_UNDECLARED_SELECTOR = YES;
				GCC_WARN_UNINITIALIZED_AUTOS = YES_AGGRESSIVE;
				GCC_WARN_UNUSED_FUNCTION = YES;
				GCC_WARN_UNUSED_VARIABLE = YES;
				IPHONEOS_DEPLOYMENT_TARGET = 16.0;
				MTL_ENABLE_DEBUG_INFO = INCLUDE_SOURCE;
				MTL_FAST_MATH = YES;
				ONLY_ACTIVE_ARCH = YES;
				SDKROOT = iphoneos;
				SWIFT_ACTIVE_COMPILATION_CONDITIONS = DEBUG;
				SWIFT_OPTIMIZATION_LEVEL = "-Onone";
			};
			name = Debug;
		};
		63F01BC428D44FC500C53A39 /* Release */ = {
			isa = XCBuildConfiguration;
			buildSettings = {
				ALWAYS_SEARCH_USER_PATHS = NO;
				CLANG_ANALYZER_NONNULL = YES;
				CLANG_ANALYZER_NUMBER_OBJECT_CONVERSION = YES_AGGRESSIVE;
				CLANG_CXX_LANGUAGE_STANDARD = "gnu++20";
				CLANG_ENABLE_MODULES = YES;
				CLANG_ENABLE_OBJC_ARC = YES;
				CLANG_ENABLE_OBJC_WEAK = YES;
				CLANG_WARN_BLOCK_CAPTURE_AUTORELEASING = YES;
				CLANG_WARN_BOOL_CONVERSION = YES;
				CLANG_WARN_COMMA = YES;
				CLANG_WARN_CONSTANT_CONVERSION = YES;
				CLANG_WARN_DEPRECATED_OBJC_IMPLEMENTATIONS = YES;
				CLANG_WARN_DIRECT_OBJC_ISA_USAGE = YES_ERROR;
				CLANG_WARN_DOCUMENTATION_COMMENTS = YES;
				CLANG_WARN_EMPTY_BODY = YES;
				CLANG_WARN_ENUM_CONVERSION = YES;
				CLANG_WARN_INFINITE_RECURSION = YES;
				CLANG_WARN_INT_CONVERSION = YES;
				CLANG_WARN_NON_LITERAL_NULL_CONVERSION = YES;
				CLANG_WARN_OBJC_IMPLICIT_RETAIN_SELF = YES;
				CLANG_WARN_OBJC_LITERAL_CONVERSION = YES;
				CLANG_WARN_OBJC_ROOT_CLASS = YES_ERROR;
				CLANG_WARN_QUOTED_INCLUDE_IN_FRAMEWORK_HEADER = YES;
				CLANG_WARN_RANGE_LOOP_ANALYSIS = YES;
				CLANG_WARN_STRICT_PROTOTYPES = YES;
				CLANG_WARN_SUSPICIOUS_MOVE = YES;
				CLANG_WARN_UNGUARDED_AVAILABILITY = YES_AGGRESSIVE;
				CLANG_WARN_UNREACHABLE_CODE = YES;
				CLANG_WARN__DUPLICATE_METHOD_MATCH = YES;
				COPY_PHASE_STRIP = NO;
				DEBUG_INFORMATION_FORMAT = "dwarf-with-dsym";
				ENABLE_NS_ASSERTIONS = NO;
				ENABLE_STRICT_OBJC_MSGSEND = YES;
				GCC_C_LANGUAGE_STANDARD = gnu11;
				GCC_NO_COMMON_BLOCKS = YES;
				GCC_WARN_64_TO_32_BIT_CONVERSION = YES;
				GCC_WARN_ABOUT_RETURN_TYPE = YES_ERROR;
				GCC_WARN_UNDECLARED_SELECTOR = YES;
				GCC_WARN_UNINITIALIZED_AUTOS = YES_AGGRESSIVE;
				GCC_WARN_UNUSED_FUNCTION = YES;
				GCC_WARN_UNUSED_VARIABLE = YES;
				IPHONEOS_DEPLOYMENT_TARGET = 16.0;
				MTL_ENABLE_DEBUG_INFO = NO;
				MTL_FAST_MATH = YES;
				SDKROOT = iphoneos;
				SWIFT_COMPILATION_MODE = wholemodule;
				SWIFT_OPTIMIZATION_LEVEL = "-O";
				VALIDATE_PRODUCT = YES;
			};
			name = Release;
		};
		63F01BC628D44FC500C53A39 /* Debug */ = {
			isa = XCBuildConfiguration;
			buildSettings = {
				ASSETCATALOG_COMPILER_APPICON_NAME = AppIcon;
				ASSETCATALOG_COMPILER_GLOBAL_ACCENT_COLOR_NAME = AccentColor;
				CODE_SIGN_STYLE = Automatic;
				CURRENT_PROJECT_VERSION = 1;
				GENERATE_INFOPLIST_FILE = YES;
				INFOPLIST_FILE = GyroData/Info.plist;
				INFOPLIST_KEY_UIApplicationSupportsIndirectInputEvents = YES;
				INFOPLIST_KEY_UILaunchStoryboardName = LaunchScreen;
				INFOPLIST_KEY_UISupportedInterfaceOrientations_iPad = "UIInterfaceOrientationPortrait UIInterfaceOrientationPortraitUpsideDown UIInterfaceOrientationLandscapeLeft UIInterfaceOrientationLandscapeRight";
				INFOPLIST_KEY_UISupportedInterfaceOrientations_iPhone = "UIInterfaceOrientationPortrait UIInterfaceOrientationLandscapeLeft UIInterfaceOrientationLandscapeRight";
				LD_RUNPATH_SEARCH_PATHS = (
					"$(inherited)",
					"@executable_path/Frameworks",
				);
				MARKETING_VERSION = 1.0;
				PRODUCT_BUNDLE_IDENTIFIER = net.yagom.GyroData;
				PRODUCT_NAME = "$(TARGET_NAME)";
				SWIFT_EMIT_LOC_STRINGS = YES;
				SWIFT_VERSION = 5.0;
				TARGETED_DEVICE_FAMILY = "1,2";
			};
			name = Debug;
		};
		63F01BC728D44FC500C53A39 /* Release */ = {
			isa = XCBuildConfiguration;
			buildSettings = {
				ASSETCATALOG_COMPILER_APPICON_NAME = AppIcon;
				ASSETCATALOG_COMPILER_GLOBAL_ACCENT_COLOR_NAME = AccentColor;
				CODE_SIGN_STYLE = Automatic;
				CURRENT_PROJECT_VERSION = 1;
				GENERATE_INFOPLIST_FILE = YES;
				INFOPLIST_FILE = GyroData/Info.plist;
				INFOPLIST_KEY_UIApplicationSupportsIndirectInputEvents = YES;
				INFOPLIST_KEY_UILaunchStoryboardName = LaunchScreen;
				INFOPLIST_KEY_UISupportedInterfaceOrientations_iPad = "UIInterfaceOrientationPortrait UIInterfaceOrientationPortraitUpsideDown UIInterfaceOrientationLandscapeLeft UIInterfaceOrientationLandscapeRight";
				INFOPLIST_KEY_UISupportedInterfaceOrientations_iPhone = "UIInterfaceOrientationPortrait UIInterfaceOrientationLandscapeLeft UIInterfaceOrientationLandscapeRight";
				LD_RUNPATH_SEARCH_PATHS = (
					"$(inherited)",
					"@executable_path/Frameworks",
				);
				MARKETING_VERSION = 1.0;
				PRODUCT_BUNDLE_IDENTIFIER = net.yagom.GyroData;
				PRODUCT_NAME = "$(TARGET_NAME)";
				SWIFT_EMIT_LOC_STRINGS = YES;
				SWIFT_VERSION = 5.0;
				TARGETED_DEVICE_FAMILY = "1,2";
			};
			name = Release;
		};
		AF0CBC97295B413A0098A6D1 /* Debug */ = {
			isa = XCBuildConfiguration;
			buildSettings = {
				BUNDLE_LOADER = "$(TEST_HOST)";
				CODE_SIGN_STYLE = Automatic;
				CURRENT_PROJECT_VERSION = 1;
				DEVELOPMENT_TEAM = SWPBG3YXG5;
				GENERATE_INFOPLIST_FILE = YES;
				IPHONEOS_DEPLOYMENT_TARGET = 16.0;
				MACOSX_DEPLOYMENT_TARGET = 12.3;
				MARKETING_VERSION = 1.0;
				PRODUCT_BUNDLE_IDENTIFIER = com.wonbeen.GyroDataTests;
				PRODUCT_NAME = "$(TARGET_NAME)";
				SDKROOT = auto;
				SUPPORTED_PLATFORMS = "iphoneos iphonesimulator macosx";
				SWIFT_EMIT_LOC_STRINGS = NO;
				SWIFT_VERSION = 5.0;
				TARGETED_DEVICE_FAMILY = "1,2";
				TEST_HOST = "$(BUILT_PRODUCTS_DIR)/GyroData.app/$(BUNDLE_EXECUTABLE_FOLDER_PATH)/GyroData";
			};
			name = Debug;
		};
		AF0CBC98295B413A0098A6D1 /* Release */ = {
			isa = XCBuildConfiguration;
			buildSettings = {
				BUNDLE_LOADER = "$(TEST_HOST)";
				CODE_SIGN_STYLE = Automatic;
				CURRENT_PROJECT_VERSION = 1;
				DEVELOPMENT_TEAM = SWPBG3YXG5;
				GENERATE_INFOPLIST_FILE = YES;
				IPHONEOS_DEPLOYMENT_TARGET = 16.0;
				MACOSX_DEPLOYMENT_TARGET = 12.3;
				MARKETING_VERSION = 1.0;
				PRODUCT_BUNDLE_IDENTIFIER = com.wonbeen.GyroDataTests;
				PRODUCT_NAME = "$(TARGET_NAME)";
				SDKROOT = auto;
				SUPPORTED_PLATFORMS = "iphoneos iphonesimulator macosx";
				SWIFT_EMIT_LOC_STRINGS = NO;
				SWIFT_VERSION = 5.0;
				TARGETED_DEVICE_FAMILY = "1,2";
				TEST_HOST = "$(BUILT_PRODUCTS_DIR)/GyroData.app/$(BUNDLE_EXECUTABLE_FOLDER_PATH)/GyroData";
			};
			name = Release;
		};
/* End XCBuildConfiguration section */

/* Begin XCConfigurationList section */
		63F01BAC28D44FC400C53A39 /* Build configuration list for PBXProject "GyroData" */ = {
			isa = XCConfigurationList;
			buildConfigurations = (
				63F01BC328D44FC500C53A39 /* Debug */,
				63F01BC428D44FC500C53A39 /* Release */,
			);
			defaultConfigurationIsVisible = 0;
			defaultConfigurationName = Release;
		};
		63F01BC528D44FC500C53A39 /* Build configuration list for PBXNativeTarget "GyroData" */ = {
			isa = XCConfigurationList;
			buildConfigurations = (
				63F01BC628D44FC500C53A39 /* Debug */,
				63F01BC728D44FC500C53A39 /* Release */,
			);
			defaultConfigurationIsVisible = 0;
			defaultConfigurationName = Release;
		};
		AF0CBC99295B413A0098A6D1 /* Build configuration list for PBXNativeTarget "GyroDataTests" */ = {
			isa = XCConfigurationList;
			buildConfigurations = (
				AF0CBC97295B413A0098A6D1 /* Debug */,
				AF0CBC98295B413A0098A6D1 /* Release */,
			);
			defaultConfigurationIsVisible = 0;
			defaultConfigurationName = Release;
		};
/* End XCConfigurationList section */

/* Begin XCVersionGroup section */
		AF1BD835295C1DDA00432F19 /* MotionData.xcdatamodeld */ = {
			isa = XCVersionGroup;
			children = (
				AF1BD836295C1DDA00432F19 /* MotionData.xcdatamodel */,
			);
			currentVersion = AF1BD836295C1DDA00432F19 /* MotionData.xcdatamodel */;
			name = MotionData.xcdatamodeld;
			path = GyroDataTests/MotionData.xcdatamodeld;
			sourceTree = SOURCE_ROOT;
			versionGroupType = wrapper.xcdatamodel;
		};
/* End XCVersionGroup section */
	};
	rootObject = 63F01BA928D44FC400C53A39 /* Project object */;
}
